<Solution>
  <Project Path="ZonaVirtual.API/ZonaVirtual.API.csproj" />
  <Project Path="ZonaVirtual.Application/ZonaVirtual.Application.csproj" />
  <Project Path="ZonaVirtual.Domain/ZonaVirtual.Domain.csproj" />
  <Project Path="ZonaVirtual.Infrastructure/ZonaVirtual.Infrastructure.csproj" />
</Solution>
